{
  "version": 4,
  "terraform_version": "1.9.6",
  "serial": 13,
  "lineage": "41015347-eff1-7f3f-5110-1d0f4495d906",
  "outputs": {
    "vm_external_ip": {
      "value": "34.31.224.9",
      "type": "string"
    }
  },
  "resources": [
    {
      "mode": "managed",
      "type": "google_compute_address",
      "name": "static_ip",
      "provider": "provider[\"registry.terraform.io/hashicorp/google\"]",
      "instances": [
        {
          "schema_version": 0,
          "attributes": {
            "address": "34.31.224.9",
            "address_type": "EXTERNAL",
            "creation_timestamp": "2024-09-24T03:57:16.479-07:00",
            "description": "",
            "effective_labels": {
              "goog-terraform-provisioned": "true"
            },
            "id": "projects/calm-photon-436315-j1/regions/us-central1/addresses/jenkins-sonarqube-static-ip",
            "ip_version": "",
            "ipv6_endpoint_type": "",
            "label_fingerprint": "vezUS-42LLM=",
            "labels": null,
            "name": "jenkins-sonarqube-static-ip",
            "network": "",
            "network_tier": "PREMIUM",
            "prefix_length": 0,
            "project": "calm-photon-436315-j1",
            "purpose": "",
            "region": "us-central1",
            "self_link": "https://www.googleapis.com/compute/v1/projects/calm-photon-436315-j1/regions/us-central1/addresses/jenkins-sonarqube-static-ip",
            "subnetwork": "",
            "terraform_labels": {
              "goog-terraform-provisioned": "true"
            },
            "timeouts": null,
            "users": []
          },
          "sensitive_attributes": [],
          "private": "eyJlMmJmYjczMC1lY2FhLTExZTYtOGY4OC0zNDM2M2JjN2M0YzAiOnsiY3JlYXRlIjoxMjAwMDAwMDAwMDAwLCJkZWxldGUiOjEyMDAwMDAwMDAwMDAsInVwZGF0ZSI6MTIwMDAwMDAwMDAwMH19"
        }
      ]
    },
    {
      "mode": "managed",
      "type": "google_compute_firewall",
      "name": "default",
      "provider": "provider[\"registry.terraform.io/hashicorp/google\"]",
      "instances": [
        {
          "schema_version": 1,
          "attributes": {
            "allow": [
              {
                "ports": [
                  "22",
                  "8080",
                  "9000"
                ],
                "protocol": "tcp"
              }
            ],
            "creation_timestamp": "2024-09-24T03:57:16.222-07:00",
            "deny": [],
            "description": "",
            "destination_ranges": [],
            "direction": "INGRESS",
            "disabled": false,
            "enable_logging": null,
            "id": "projects/calm-photon-436315-j1/global/firewalls/allow-jenkins-sonarqube-traffic",
            "log_config": [],
            "name": "allow-jenkins-sonarqube-traffic",
            "network": "https://www.googleapis.com/compute/v1/projects/calm-photon-436315-j1/global/networks/default",
            "priority": 1000,
            "project": "calm-photon-436315-j1",
            "self_link": "https://www.googleapis.com/compute/v1/projects/calm-photon-436315-j1/global/firewalls/allow-jenkins-sonarqube-traffic",
            "source_ranges": [
              "0.0.0.0/0"
            ],
            "source_service_accounts": null,
            "source_tags": null,
            "target_service_accounts": null,
            "target_tags": [
              "jenkins",
              "sonarqube"
            ],
            "timeouts": null
          },
          "sensitive_attributes": [],
          "private": "eyJlMmJmYjczMC1lY2FhLTExZTYtOGY4OC0zNDM2M2JjN2M0YzAiOnsiY3JlYXRlIjoxMjAwMDAwMDAwMDAwLCJkZWxldGUiOjEyMDAwMDAwMDAwMDAsInVwZGF0ZSI6MTIwMDAwMDAwMDAwMH0sInNjaGVtYV92ZXJzaW9uIjoiMSJ9"
        }
      ]
    },
    {
      "mode": "managed",
      "type": "google_compute_instance",
      "name": "jenkins_vm",
      "provider": "provider[\"registry.terraform.io/hashicorp/google\"]",
      "instances": [
        {
          "schema_version": 6,
          "attributes": {
            "advanced_machine_features": [],
            "allow_stopping_for_update": null,
            "attached_disk": [],
            "boot_disk": [
              {
                "auto_delete": true,
                "device_name": "persistent-disk-0",
                "disk_encryption_key_raw": "",
                "disk_encryption_key_sha256": "",
                "initialize_params": [
                  {
                    "enable_confidential_compute": false,
                    "image": "https://www.googleapis.com/compute/v1/projects/ubuntu-os-cloud/global/images/ubuntu-2004-focal-v20240830",
                    "labels": {},
                    "provisioned_iops": 0,
                    "provisioned_throughput": 0,
                    "resource_manager_tags": null,
                    "resource_policies": null,
                    "size": 50,
                    "storage_pool": "",
                    "type": "pd-standard"
                  }
                ],
                "interface": "",
                "kms_key_self_link": "",
                "mode": "READ_WRITE",
                "source": "https://www.googleapis.com/compute/v1/projects/calm-photon-436315-j1/zones/us-central1-a/disks/jenkins-sonarqube-vm"
              }
            ],
            "can_ip_forward": false,
            "confidential_instance_config": [],
            "cpu_platform": "Intel Cascade Lake",
            "current_status": "RUNNING",
            "deletion_protection": false,
            "description": "",
            "desired_status": null,
            "effective_labels": {
              "goog-terraform-provisioned": "true"
            },
            "enable_display": false,
            "guest_accelerator": [],
            "hostname": "",
            "id": "projects/calm-photon-436315-j1/zones/us-central1-a/instances/jenkins-sonarqube-vm",
            "instance_id": "6054528096464217586",
            "label_fingerprint": "vezUS-42LLM=",
            "labels": null,
            "machine_type": "n2-standard-2",
            "metadata": {
              "ssh-keys": "mouhib:ssh-rsa AAAAB3NzaC1yc2EAAAADAQABAAACAQDBXltfGYv7/0axcpgTpPoZtFOTYPXCidXnQDChun3UwJlI9Dw/yNTCPh/GDsXdbNWTex9NPUz5l9/W4eVjRbHJZoE5IeXEVWi3au0S7W35Ri/1eqHtogxkunGqSstYM1epTF8SpjJl32vNVG3A1TyGcXBe9tnU3hOiVYeAf12QuRIpz11MB1I12TqdLEtmdRU1eatrOVFDbwmV5z3xZo/9OihxR1ERewSpxv6eNJhUWbMtrYv3Xq2tqz4gTj5c1VWUboqIMCTYh9YHvVSCHhu9R6WTAG9rtBZtPeebRVRWihlX2TLVoIM+AWdCcOvz/CjThxsrckPK3TJ7BQ5P+3KJ2KJQ5nBuacIhFklBt2M+c0AklQ1Hht3q7eTIJoPmaMleh7YwctRxlLnqWMhgQKERa7473bS0nYgYMiUT6QCmAWU4EkiYr2JQ3lj3dHRfWxgo3DFxdG/fAbsiF9CceYsDg+FsAvOI+woCGLkmL5U9CztSeUlYfkiR2BsGa/rsD5CtTBoaIWhbt4/zp88HNsTa5cxmxFB29l2otHYfcYbWklXLJPOuAjYuv6e5wO/mC4txbTJedoVf/BR9iPGX54Mu0+vXB/8dygCaThUHlwUCNVzpKOOop+z9jThDoh56q3co6pEn1fx3yvK3y6wDnOEwdLiSq0hIxY09//f+Gvbn5w== abd.mouhibmedini@gmail.com\n"
            },
            "metadata_fingerprint": "qlclp1DJETE=",
            "metadata_startup_script": "#!/bin/bash\nsudo apt-get update\n\n# Install Java (required by Jenkins)\nsudo apt-get install -y openjdk-11-jdk\n\n# Install Jenkins\ncurl -fsSL https://pkg.jenkins.io/debian/jenkins.io.key | sudo tee /usr/share/keyrings/jenkins-keyring.asc \u003e /dev/null\necho deb [signed-by=/usr/share/keyrings/jenkins-keyring.asc] https://pkg.jenkins.io/debian binary/ | sudo tee /etc/apt/sources.list.d/jenkins.list \u003e /dev/null\nsudo apt-get update\nsudo apt-get install -y jenkins\n\n# Start and enable Jenkins service\nsudo systemctl start jenkins\nsudo systemctl enable jenkins\n\n# Install Docker and Docker Compose for SonarQube\nsudo apt-get install -y apt-transport-https ca-certificates curl software-properties-common\ncurl -fsSL https://download.docker.com/linux/ubuntu/gpg | sudo apt-key add -\nsudo add-apt-repository \"deb [arch=amd64] https://download.docker.com/linux/ubuntu focal stable\"\nsudo apt-get update\nsudo apt-get install -y docker-ce docker-compose\n\n# Install SonarQube Docker container\nsudo docker run -d -p 9000:9000 --name sonarqube sonarqube:latest\n",
            "min_cpu_platform": "",
            "name": "jenkins-sonarqube-vm",
            "network_interface": [
              {
                "access_config": [
                  {
                    "nat_ip": "34.31.224.9",
                    "network_tier": "PREMIUM",
                    "public_ptr_domain_name": ""
                  }
                ],
                "alias_ip_range": [],
                "internal_ipv6_prefix_length": 0,
                "ipv6_access_config": [],
                "ipv6_access_type": "",
                "ipv6_address": "",
                "name": "nic0",
                "network": "https://www.googleapis.com/compute/v1/projects/calm-photon-436315-j1/global/networks/default",
                "network_ip": "10.128.0.2",
                "nic_type": "",
                "queue_count": 0,
                "stack_type": "IPV4_ONLY",
                "subnetwork": "https://www.googleapis.com/compute/v1/projects/calm-photon-436315-j1/regions/us-central1/subnetworks/default",
                "subnetwork_project": "calm-photon-436315-j1"
              }
            ],
            "network_performance_config": [],
            "params": [],
            "project": "calm-photon-436315-j1",
            "reservation_affinity": [],
            "resource_policies": null,
            "scheduling": [
              {
                "automatic_restart": true,
                "instance_termination_action": "",
                "local_ssd_recovery_timeout": [],
                "max_run_duration": [],
                "min_node_cpus": 0,
                "node_affinities": [],
                "on_host_maintenance": "MIGRATE",
                "on_instance_stop_action": [],
                "preemptible": false,
                "provisioning_model": "STANDARD"
              }
            ],
            "scratch_disk": [],
            "self_link": "https://www.googleapis.com/compute/v1/projects/calm-photon-436315-j1/zones/us-central1-a/instances/jenkins-sonarqube-vm",
            "service_account": [
              {
                "email": "jenkins-sonarqube-sa@calm-photon-436315-j1.iam.gserviceaccount.com",
                "scopes": [
                  "https://www.googleapis.com/auth/cloud-platform"
                ]
              }
            ],
            "shielded_instance_config": [
              {
                "enable_integrity_monitoring": true,
                "enable_secure_boot": false,
                "enable_vtpm": true
              }
            ],
            "tags": [
              "jenkins",
              "sonarqube"
            ],
            "tags_fingerprint": "ZcyQZe7Nkuw=",
            "terraform_labels": {
              "goog-terraform-provisioned": "true"
            },
            "timeouts": null,
            "zone": "us-central1-a"
          },
          "sensitive_attributes": [
            [
              {
                "type": "get_attr",
                "value": "boot_disk"
              },
              {
                "type": "index",
                "value": {
                  "value": 0,
                  "type": "number"
                }
              },
              {
                "type": "get_attr",
                "value": "disk_encryption_key_raw"
              }
            ]
          ],
          "private": "eyJlMmJmYjczMC1lY2FhLTExZTYtOGY4OC0zNDM2M2JjN2M0YzAiOnsiY3JlYXRlIjoxMjAwMDAwMDAwMDAwLCJkZWxldGUiOjEyMDAwMDAwMDAwMDAsInVwZGF0ZSI6MTIwMDAwMDAwMDAwMH0sInNjaGVtYV92ZXJzaW9uIjoiNiJ9",
          "dependencies": [
            "google_compute_address.static_ip",
            "google_service_account.jenkins_sa"
          ]
        }
      ]
    },
    {
      "mode": "managed",
      "type": "google_service_account",
      "name": "jenkins_sa",
      "provider": "provider[\"registry.terraform.io/hashicorp/google\"]",
      "instances": [
        {
          "schema_version": 0,
          "attributes": {
            "account_id": "jenkins-sonarqube-sa",
            "create_ignore_already_exists": null,
            "description": "",
            "disabled": false,
            "display_name": "Jenkins and SonarQube Service Account",
            "email": "jenkins-sonarqube-sa@calm-photon-436315-j1.iam.gserviceaccount.com",
            "id": "projects/calm-photon-436315-j1/serviceAccounts/jenkins-sonarqube-sa@calm-photon-436315-j1.iam.gserviceaccount.com",
            "member": "serviceAccount:jenkins-sonarqube-sa@calm-photon-436315-j1.iam.gserviceaccount.com",
            "name": "projects/calm-photon-436315-j1/serviceAccounts/jenkins-sonarqube-sa@calm-photon-436315-j1.iam.gserviceaccount.com",
            "project": "calm-photon-436315-j1",
            "timeouts": null,
            "unique_id": "101850384895039561678"
          },
          "sensitive_attributes": [],
          "private": "eyJlMmJmYjczMC1lY2FhLTExZTYtOGY4OC0zNDM2M2JjN2M0YzAiOnsiY3JlYXRlIjozMDAwMDAwMDAwMDB9fQ=="
        }
      ]
    }
  ],
  "check_results": null
}
